
Microsoft Visual Studio Solution File, Format Version 12.00
# Visual Studio 15
VisualStudioVersion = 15.0.27428.2037
MinimumVisualStudioVersion = 10.0.40219.1
Project("{FAE04EC0-301F-11D3-BF4B-00C04F79EFBC}") = "VolanTrans.TestConsoleApp", "VolanTrans.TestConsoleApp\VolanTrans.TestConsoleApp.csproj", "{AFE99F4A-DB7F-4478-A768-7BB9FE81436B}"
EndProject
Project("{FAE04EC0-301F-11D3-BF4B-00C04F79EFBC}") = "VolanTrans.UI", "VolanTrans.UI\VolanTrans.UI.csproj", "{89041875-60A7-44B8-B069-765026654128}"
EndProject
Project("{FAE04EC0-301F-11D3-BF4B-00C04F79EFBC}") = "VolanTrans.Logic", "VolanTrans.Logic\VolanTrans.Logic.csproj", "{A94C9788-DCA1-4C4F-ABC7-B5C8C41B2FB8}"
EndProject
Global
	GlobalSection(SolutionConfigurationPlatforms) = preSolution
		Debug|Any CPU = Debug|Any CPU
		Release|Any CPU = Release|Any CPU
	EndGlobalSection
	GlobalSection(ProjectConfigurationPlatforms) = postSolution
		{AFE99F4A-DB7F-4478-A768-7BB9FE81436B}.Debug|Any CPU.ActiveCfg = Debug|Any CPU
		{AFE99F4A-DB7F-4478-A768-7BB9FE81436B}.Debug|Any CPU.Build.0 = Debug|Any CPU
		{AFE99F4A-DB7F-4478-A768-7BB9FE81436B}.Release|Any CPU.ActiveCfg = Release|Any CPU
		{AFE99F4A-DB7F-4478-A768-7BB9FE81436B}.Release|Any CPU.Build.0 = Release|Any CPU
		{89041875-60A7-44B8-B069-765026654128}.Debug|Any CPU.ActiveCfg = Debug|Any CPU
		{89041875-60A7-44B8-B069-765026654128}.Debug|Any CPU.Build.0 = Debug|Any CPU
		{89041875-60A7-44B8-B069-765026654128}.Release|Any CPU.ActiveCfg = Release|Any CPU
		{89041875-60A7-44B8-B069-765026654128}.Release|Any CPU.Build.0 = Release|Any CPU
		{A94C9788-DCA1-4C4F-ABC7-B5C8C41B2FB8}.Debug|Any CPU.ActiveCfg = Debug|Any CPU
		{A94C9788-DCA1-4C4F-ABC7-B5C8C41B2FB8}.Debug|Any CPU.Build.0 = Debug|Any CPU
		{A94C9788-DCA1-4C4F-ABC7-B5C8C41B2FB8}.Release|Any CPU.ActiveCfg = Release|Any CPU
		{A94C9788-DCA1-4C4F-ABC7-B5C8C41B2FB8}.Release|Any CPU.Build.0 = Release|Any CPU
	EndGlobalSection
	GlobalSection(SolutionProperties) = preSolution
		HideSolutionNode = FALSE
	EndGlobalSection
	GlobalSection(ExtensibilityGlobals) = postSolution
		SolutionGuid = {DD89C743-24EA-4F92-B135-BF49B9D774EA}
	EndGlobalSection
EndGlobal
